{"name":"yzs-live2d_src","version":"1.0.8","lockfileVersion":3,"requires":true,"packages":{"":{"name":"yzs-live2d_src","version":"1.0.8","license":"MIT","dependencies":{"live2d-widget-model-unitychan":"^1.0.5"}},"node_modules/live2d-widget-model-unitychan":{"version":"1.0.5","resolved":"https://registry.npmjs.org/live2d-widget-model-unitychan/-/live2d-widget-model-unitychan-1.0.5.tgz","integrity":"sha512-7mkTW/VFYdBqA8vjCpn2x3mZoqcdx35LqSEAVmsr/pDnEOhmm8GFOCNpwYOybvg+oBbB3fXeKdLHtv0q7SU9pA=="}}}